
Microsoft Visual Studio Solution File, Format Version 12.00
# Visual Studio Version 16
VisualStudioVersion = 16.0.29709.97
MinimumVisualStudioVersion = 10.0.40219.1
Project("{FAE04EC0-301F-11D3-BF4B-00C04F79EFBC}") = "EcoApiExportMod", "EcoApiExportMod\EcoApiExportMod.csproj", "{51B2F7F7-1716-45D2-867E-C79C65432608}"
EndProject
Global
	GlobalSection(SolutionConfigurationPlatforms) = preSolution
		Debug|Any CPU = Debug|Any CPU
		Release|Any CPU = Release|Any CPU
	EndGlobalSection
	GlobalSection(ProjectConfigurationPlatforms) = postSolution
		{51B2F7F7-1716-45D2-867E-C79C65432608}.Debug|Any CPU.ActiveCfg = Debug|Any CPU
		{51B2F7F7-1716-45D2-867E-C79C65432608}.Debug|Any CPU.Build.0 = Debug|Any CPU
		{51B2F7F7-1716-45D2-867E-C79C65432608}.Release|Any CPU.ActiveCfg = Release|Any CPU
		{51B2F7F7-1716-45D2-867E-C79C65432608}.Release|Any CPU.Build.0 = Release|Any CPU
	EndGlobalSection
	GlobalSection(SolutionProperties) = preSolution
		HideSolutionNode = FALSE
	EndGlobalSection
	GlobalSection(ExtensibilityGlobals) = postSolution
		SolutionGuid = {FDD7216F-7ACD-41B5-8DB9-17866B0D6F4F}
	EndGlobalSection
EndGlobal
